{
  "nodes": {
    "golangci-lint": {
      "inputs": {
        "golangci-lint-x86_64-darwin": "golangci-lint-x86_64-darwin",
        "golangci-lint-x86_64-linux": "golangci-lint-x86_64-linux",
        "nixpkgs": [
          "nixpkgs"
        ]
      },
      "locked": {
        "lastModified": 1677618122,
        "narHash": "sha256-mtO+R+i2ooX1+ROgbE7Gkk9AHrhwUCdH7TbZSbzp7ak=",
        "owner": "t0yv0",
        "repo": "golangci-lint-flake",
        "rev": "2ae199686599f86eaba07e501f176e083c56b3b3",
        "type": "github"
      },
      "original": {
        "owner": "t0yv0",
        "ref": "v1.51.2",
        "repo": "golangci-lint-flake",
        "type": "github"
      }
    },
    "golangci-lint-x86_64-darwin": {
      "flake": false,
      "locked": {
        "narHash": "sha256-xkPgMdZJIQh2+JLyYeEOCQjzmBjUNS+iaPlSLx/frKo=",
        "type": "tarball",
        "url": "https://github.com/golangci/golangci-lint/releases/download/v1.51.2/golangci-lint-1.51.2-darwin-amd64.tar.gz"
      },
      "original": {
        "type": "tarball",
        "url": "https://github.com/golangci/golangci-lint/releases/download/v1.51.2/golangci-lint-1.51.2-darwin-amd64.tar.gz"
      }
    },
    "golangci-lint-x86_64-linux": {
      "flake": false,
      "locked": {
        "narHash": "sha256-liYnjdpH95PJ5ZLWxENiNplVXcUgUHdW9gVMlvKc8Qg=",
        "type": "tarball",
        "url": "https://github.com/golangci/golangci-lint/releases/download/v1.51.2/golangci-lint-1.51.2-linux-amd64.tar.gz"
      },
      "original": {
        "type": "tarball",
        "url": "https://github.com/golangci/golangci-lint/releases/download/v1.51.2/golangci-lint-1.51.2-linux-amd64.tar.gz"
      }
    },
    "gotestfmt": {
      "inputs": {
        "gotestfmt-src": "gotestfmt-src",
        "nixpkgs": [
          "nixpkgs"
        ]
      },
      "locked": {
        "lastModified": 1661399245,
        "narHash": "sha256-DPxmIcX2rLhyLMwCJPjTNBAuNDE9+LHsSV5yIZMjsbc=",
        "owner": "t0yv0",
        "repo": "gotestfmt-flake",
        "rev": "e63ff804bdcf6538a363b9d884bcabd753c07730",
        "type": "github"
      },
      "original": {
        "owner": "t0yv0",
        "ref": "v2.3.2",
        "repo": "gotestfmt-flake",
        "type": "github"
      }
    },
    "gotestfmt-src": {
      "flake": false,
      "locked": {
        "lastModified": 1652635847,
        "narHash": "sha256-BZ0hF/BdMzm8gPZNYQS8I9wv+YXZQWDqS1uUzdzVjUg=",
        "owner": "haveyoudebuggedit",
        "repo": "gotestfmt",
        "rev": "f179b0e462a9dcf7101515d87eec4e4d7e58b92a",
        "type": "github"
      },
      "original": {
        "owner": "haveyoudebuggedit",
        "ref": "v2.3.2",
        "repo": "gotestfmt",
        "type": "github"
      }
    },
    "jaeger": {
      "inputs": {
        "jaeger-x86_64-darwin": "jaeger-x86_64-darwin",
        "jaeger-x86_64-linux": "jaeger-x86_64-linux",
        "nixpkgs": [
          "nixpkgs"
        ]
      },
      "locked": {
        "lastModified": 1661399916,
        "narHash": "sha256-ZaZQjBaKsge2IF1ElNAw7gI10ywzAs9ytDAeuR0lhPU=",
        "owner": "t0yv0",
        "repo": "jaeger-flake",
        "rev": "19b6d1295d8abfa08824cc65590fb6e110648365",
        "type": "github"
      },
      "original": {
        "owner": "t0yv0",
        "ref": "v1.35.1",
        "repo": "jaeger-flake",
        "type": "github"
      }
    },
    "jaeger-x86_64-darwin": {
      "flake": false,
      "locked": {
        "narHash": "sha256-+y93OUazbHl7hBUWewv7yNNzZv59jp/ZjOIn68c0+yk=",
        "type": "tarball",
        "url": "https://github.com/jaegertracing/jaeger/releases/download/v1.35.1/jaeger-1.35.1-darwin-amd64.tar.gz"
      },
      "original": {
        "type": "tarball",
        "url": "https://github.com/jaegertracing/jaeger/releases/download/v1.35.1/jaeger-1.35.1-darwin-amd64.tar.gz"
      }
    },
    "jaeger-x86_64-linux": {
      "flake": false,
      "locked": {
        "narHash": "sha256-T2f7+xGLKYDzEW9iarph6agG2gKDoqik0XNTEwAHYYM=",
        "type": "tarball",
        "url": "https://github.com/jaegertracing/jaeger/releases/download/v1.35.1/jaeger-1.35.1-linux-amd64.tar.gz"
      },
      "original": {
        "type": "tarball",
        "url": "https://github.com/jaegertracing/jaeger/releases/download/v1.35.1/jaeger-1.35.1-linux-amd64.tar.gz"
      }
    },
    "nixpkgs": {
      "locked": {
        "lastModified": 1677543769,
        "narHash": "sha256-LwbqS8vGisXl2WHpK9r5+kodr0zoIT8F2YB0R4y1TsA=",
        "owner": "NixOS",
        "repo": "nixpkgs",
        "rev": "b26d52c9feb6476580016e78935cbf96eb3e2115",
        "type": "github"
      },
      "original": {
        "owner": "NixOS",
        "ref": "nixos-22.11",
        "repo": "nixpkgs",
        "type": "github"
      }
    },
    "opentelemetry-collector": {
      "inputs": {
        "nixpkgs": [
          "nixpkgs"
        ],
        "opentelemetry-collector-src": "opentelemetry-collector-src"
      },
      "locked": {
        "lastModified": 1661400995,
        "narHash": "sha256-pgeB+jne68xMekDF13T1X7WJyLhfpV5mcOm7NGERYBE=",
        "owner": "t0yv0",
        "repo": "opentelemetry-collector-flake",
        "rev": "fcced36d8874be04bf83bffc48f09de9acf93ec7",
        "type": "github"
      },
      "original": {
        "owner": "t0yv0",
        "ref": "v0.54.0",
        "repo": "opentelemetry-collector-flake",
        "type": "github"
      }
    },
    "opentelemetry-collector-src": {
      "flake": false,
      "locked": {
        "lastModified": 1655919317,
        "narHash": "sha256-y0NySQY6HQHHXyZXM+nYfDa74mn+k2p76ynH7tzE930=",
        "owner": "open-telemetry",
        "repo": "opentelemetry-collector",
        "rev": "b094dbd3cdc5708d4c4d6ec5f09534da838bd87a",
        "type": "github"
      },
      "original": {
        "owner": "open-telemetry",
        "ref": "v0.54.0",
        "repo": "opentelemetry-collector",
        "type": "github"
      }
    },
    "pulumictl": {
      "inputs": {
        "nixpkgs": [
          "nixpkgs"
        ],
        "pulumictl-src": "pulumictl-src"
      },
      "locked": {
        "lastModified": 1661452210,
        "narHash": "sha256-TdjuZvrn2AM+GoHabknxH1ntJML8SjX4QBI5Kzg9d5Q=",
        "owner": "t0yv0",
        "repo": "pulumictl-flake",
        "rev": "0115747f5faaea74bff37e4e081fa1a12d1fb2b9",
        "type": "github"
      },
      "original": {
        "owner": "t0yv0",
        "ref": "v0.0.32-r.1",
        "repo": "pulumictl-flake",
        "type": "github"
      }
    },
    "pulumictl-src": {
      "flake": false,
      "locked": {
        "lastModified": 1656436009,
        "narHash": "sha256-CZ0DnQUnyj8aoesFymc+Uhv+3vdQhdxb2YHElAyqGWE=",
        "owner": "pulumi",
        "repo": "pulumictl",
        "rev": "fc811a0cb57795ee001b155e24b1bab9aa009822",
        "type": "github"
      },
      "original": {
        "owner": "pulumi",
        "ref": "v0.0.32",
        "repo": "pulumictl",
        "type": "github"
      }
    },
    "root": {
      "inputs": {
        "golangci-lint": "golangci-lint",
        "gotestfmt": "gotestfmt",
        "jaeger": "jaeger",
        "nixpkgs": "nixpkgs",
        "opentelemetry-collector": "opentelemetry-collector",
        "pulumictl": "pulumictl"
      }
    }
  },
  "root": "root",
  "version": 7
}
